schema: '2.0'
stages:
  import_data:
    cmd: python src/data/import_raw_data.py
    deps:
    - path: src/data/import_raw_data.py
      hash: md5
      md5: daa8d30e27fa2a1f57f9f91558bab530
      size: 1022
      isexec: true
    outs:
    - path: data/raw_data/raw.csv
      hash: md5
      md5: 617b56af2992376d5c3e91ad80823898
      size: 333757
      isexec: true
  split_data:
    cmd: python src/data/split_data.py
    deps:
    - path: data/raw_data/raw.csv
      hash: md5
      md5: 617b56af2992376d5c3e91ad80823898
      size: 333757
      isexec: true
    - path: src/data/split_data.py
      hash: md5
      md5: a8182bbbbdb886790e33fa4d5ab3fdd0
      size: 1847
      isexec: true
    params:
      params.yaml:
        split.random_state: 42
        split.test_size: 0.2
    outs:
    - path: data/processed_data/X_test.csv
      hash: md5
      md5: b2af62a7e108b077aec89fa2622996db
      size: 52624
      isexec: true
    - path: data/processed_data/X_train.csv
      hash: md5
      md5: 535251fa6c1a1d098cc7a36e0bd62f38
      size: 209468
      isexec: true
    - path: data/processed_data/y_test.csv
      hash: md5
      md5: a051d29629c8bbb4cfb7e85c7f0315da
      size: 6456
      isexec: true
    - path: data/processed_data/y_train.csv
      hash: md5
      md5: a9cd9d91da89f732843d72548f64ded3
      size: 25951
      isexec: true
  normalize_data:
    cmd: python src/data/normalize_data.py
    deps:
    - path: data/processed_data/X_test.csv
      hash: md5
      md5: b2af62a7e108b077aec89fa2622996db
      size: 52624
      isexec: true
    - path: data/processed_data/X_train.csv
      hash: md5
      md5: 535251fa6c1a1d098cc7a36e0bd62f38
      size: 209468
      isexec: true
    - path: src/data/normalize_data.py
      hash: md5
      md5: 45198f097288f70e8f54aa54bbeac916
      size: 1584
      isexec: true
    outs:
    - path: data/processed_data/X_test_scaled.csv
      hash: md5
      md5: 5e079189af6bd091d651a89fafb1c290
      size: 57026
      isexec: true
    - path: data/processed_data/X_train_scaled.csv
      hash: md5
      md5: c1b80eb7f083888b625dd0369cf381f8
      size: 227497
      isexec: true
    - path: models/scaler.pkl
      hash: md5
      md5: f45a9cbfe65222e504ee8508d01f142e
      size: 1175
      isexec: true
  grid_search:
    cmd: python src/models/grid_search.py
    deps:
    - path: data/processed_data/X_train_scaled.csv
      hash: md5
      md5: c1b80eb7f083888b625dd0369cf381f8
      size: 227497
      isexec: true
    - path: data/processed_data/y_train.csv
      hash: md5
      md5: a9cd9d91da89f732843d72548f64ded3
      size: 25951
      isexec: true
    - path: src/models/grid_search.py
      hash: md5
      md5: 5d85887e21ad75330246d2c4231e7492
      size: 2207
      isexec: true
    params:
      params.yaml:
        grid_search.cv: 5
        grid_search.n_jobs: -1
        grid_search.param_grid:
          n_estimators:
          - 100
          - 200
          max_depth:
          - 2
          - 3
          - 4
          learning_rate:
          - 0.01
          - 0.1
          min_samples_leaf:
          - 1
          - 3
        grid_search.scoring: neg_mean_squared_error
    outs:
    - path: models/best_params.pkl
      hash: md5
      md5: 81053eb65c70329d40fd8d24ff5f2433
      size: 93
      isexec: true
  train_model:
    cmd: python src/models/train_model.py
    deps:
    - path: data/processed_data/X_train_scaled.csv
      hash: md5
      md5: c1b80eb7f083888b625dd0369cf381f8
      size: 227497
      isexec: true
    - path: data/processed_data/y_train.csv
      hash: md5
      md5: a9cd9d91da89f732843d72548f64ded3
      size: 25951
      isexec: true
    - path: models/best_params.pkl
      hash: md5
      md5: 81053eb65c70329d40fd8d24ff5f2433
      size: 93
      isexec: true
    - path: src/models/train_model.py
      hash: md5
      md5: 1a76a6e3369920ba94f92d6d9c7df0c5
      size: 1409
      isexec: true
    params:
      params.yaml:
        train.random_state: 42
    outs:
    - path: models/gbrt_model.pkl
      hash: md5
      md5: 696bc5f94d0c64780b8c166fcfb541da
      size: 206024
      isexec: true
  evaluate_model:
    cmd: python src/models/evaluate_model.py
    deps:
    - path: data/processed_data/X_test_scaled.csv
      hash: md5
      md5: 5e079189af6bd091d651a89fafb1c290
      size: 57026
      isexec: true
    - path: data/processed_data/y_test.csv
      hash: md5
      md5: a051d29629c8bbb4cfb7e85c7f0315da
      size: 6456
      isexec: true
    - path: models/gbrt_model.pkl
      hash: md5
      md5: 696bc5f94d0c64780b8c166fcfb541da
      size: 206024
      isexec: true
    - path: src/models/evaluate_model.py
      hash: md5
      md5: ac363711f441823f519ba1b1d84be428
      size: 1737
      isexec: true
    outs:
    - path: data/predictions.csv
      hash: md5
      md5: fb6ec1ba1ce23996615019683eab47d7
      size: 13257
      isexec: true
    - path: metrics/scores.json
      hash: md5
      md5: d338d4936814d1b5cb1649a64a5d6479
      size: 127
      isexec: true
